
Microsoft Visual Studio Solution File, Format Version 12.00
# Visual Studio Version 16
VisualStudioVersion = 16.0.30413.136
MinimumVisualStudioVersion = 10.0.40219.1
Project("{FAE04EC0-301F-11D3-BF4B-00C04F79EFBC}") = "AlveoEnergyManagement", "AlveoEnergyManagement\AlveoEnergyManagement.csproj", "{3C9D87C2-DA61-4E45-B9DA-E9C002E82A67}"
EndProject
Project("{9A19103F-16F7-4668-BE54-9A1E7A4F7556}") = "AlveoEnergyCommon", "..\AlveoEnergyManagementServer\AlveoEnergyCommon\AlveoEnergyCommon.csproj", "{BFDDA608-FF77-44F8-95E2-7D08BCC4F339}"
EndProject
Global
	GlobalSection(SolutionConfigurationPlatforms) = preSolution
		Debug|Any CPU = Debug|Any CPU
		Release|Any CPU = Release|Any CPU
	EndGlobalSection
	GlobalSection(ProjectConfigurationPlatforms) = postSolution
		{3C9D87C2-DA61-4E45-B9DA-E9C002E82A67}.Debug|Any CPU.ActiveCfg = Debug|Any CPU
		{3C9D87C2-DA61-4E45-B9DA-E9C002E82A67}.Debug|Any CPU.Build.0 = Debug|Any CPU
		{3C9D87C2-DA61-4E45-B9DA-E9C002E82A67}.Release|Any CPU.ActiveCfg = Release|Any CPU
		{3C9D87C2-DA61-4E45-B9DA-E9C002E82A67}.Release|Any CPU.Build.0 = Release|Any CPU
		{BFDDA608-FF77-44F8-95E2-7D08BCC4F339}.Debug|Any CPU.ActiveCfg = Debug|Any CPU
		{BFDDA608-FF77-44F8-95E2-7D08BCC4F339}.Debug|Any CPU.Build.0 = Debug|Any CPU
		{BFDDA608-FF77-44F8-95E2-7D08BCC4F339}.Release|Any CPU.ActiveCfg = Release|Any CPU
		{BFDDA608-FF77-44F8-95E2-7D08BCC4F339}.Release|Any CPU.Build.0 = Release|Any CPU
	EndGlobalSection
	GlobalSection(SolutionProperties) = preSolution
		HideSolutionNode = FALSE
	EndGlobalSection
	GlobalSection(ExtensibilityGlobals) = postSolution
		SolutionGuid = {EDC6B9EA-C559-4B9D-AB8B-A8DBF6F6027C}
	EndGlobalSection
EndGlobal
