
Microsoft Visual Studio Solution File, Format Version 12.00
# Visual Studio Version 16
VisualStudioVersion = 16.0.30413.136
MinimumVisualStudioVersion = 10.0.40219.1
Project("{9A19103F-16F7-4668-BE54-9A1E7A4F7556}") = "AlveoEnergyManagementServer", "AlveoEnergyManagementServer\AlveoEnergyManagementServer.csproj", "{033DEEE2-265A-4255-BD30-FCDDA773D3C3}"
EndProject
Project("{FAE04EC0-301F-11D3-BF4B-00C04F79EFBC}") = "AlveoEnergyCommon", "AlveoEnergyCommon\AlveoEnergyCommon.csproj", "{69E30524-5E7B-48A5-BBD1-1700FD975946}"
EndProject
Global
	GlobalSection(SolutionConfigurationPlatforms) = preSolution
		Debug|Any CPU = Debug|Any CPU
		Release|Any CPU = Release|Any CPU
	EndGlobalSection
	GlobalSection(ProjectConfigurationPlatforms) = postSolution
		{033DEEE2-265A-4255-BD30-FCDDA773D3C3}.Debug|Any CPU.ActiveCfg = Debug|Any CPU
		{033DEEE2-265A-4255-BD30-FCDDA773D3C3}.Debug|Any CPU.Build.0 = Debug|Any CPU
		{033DEEE2-265A-4255-BD30-FCDDA773D3C3}.Release|Any CPU.ActiveCfg = Release|Any CPU
		{033DEEE2-265A-4255-BD30-FCDDA773D3C3}.Release|Any CPU.Build.0 = Release|Any CPU
		{69E30524-5E7B-48A5-BBD1-1700FD975946}.Debug|Any CPU.ActiveCfg = Debug|Any CPU
		{69E30524-5E7B-48A5-BBD1-1700FD975946}.Debug|Any CPU.Build.0 = Debug|Any CPU
		{69E30524-5E7B-48A5-BBD1-1700FD975946}.Release|Any CPU.ActiveCfg = Release|Any CPU
		{69E30524-5E7B-48A5-BBD1-1700FD975946}.Release|Any CPU.Build.0 = Release|Any CPU
	EndGlobalSection
	GlobalSection(SolutionProperties) = preSolution
		HideSolutionNode = FALSE
	EndGlobalSection
	GlobalSection(ExtensibilityGlobals) = postSolution
		SolutionGuid = {10B5C014-6502-4C2A-9471-E59AE663C385}
	EndGlobalSection
EndGlobal
